
Microsoft Visual Studio Solution File, Format Version 12.00
# Visual Studio Version 17
VisualStudioVersion = 17.4.33213.308
MinimumVisualStudioVersion = 10.0.40219.1
Project("{FAE04EC0-301F-11D3-BF4B-00C04F79EFBC}") = "PPPredictor_1_40_8", "PPPredictor_1_40_8\PPPredictor_1_40_8.csproj", "{7D72F6BF-5835-49C8-ADD7-8F2F587B9588}"
EndProject
Project("{D954291E-2A0B-460D-934E-DC6B0785DB48}") = "PPPredictor.Shared", "PPPredictor.Shared\PPPredictor.Shared.shproj", "{CF97CBCA-DDD6-4559-BD6F-A60885C78470}"
EndProject
Project("{FAE04EC0-301F-11D3-BF4B-00C04F79EFBC}") = "PPPredictor_1_44_1", "PPPredictor_1_44_1\PPPredictor_1_44_1.csproj", "{1DE57DE9-D7BE-4B03-B70E-E3EACC8EDB94}"
EndProject
Project("{FAE04EC0-301F-11D3-BF4B-00C04F79EFBC}") = "PPPredictor_1_38_0", "PPPredictor_1_38_0\PPPredictor_1_38_0.csproj", "{5E7E376A-1141-40A1-A93D-697E66AAA6FF}"
EndProject
Global
	GlobalSection(SolutionConfigurationPlatforms) = preSolution
		Debug ACCSABERNETWORK|Any CPU = Debug ACCSABERNETWORK|Any CPU
		Debug ALLNETWORK|Any CPU = Debug ALLNETWORK|Any CPU
		Debug BEATLEADERNETWORK|Any CPU = Debug BEATLEADERNETWORK|Any CPU
		Debug HITBLOQNETWORK|Any CPU = Debug HITBLOQNETWORK|Any CPU
		Debug SCORESABERNETWORK|Any CPU = Debug SCORESABERNETWORK|Any CPU
		DEBUG Test|Any CPU = DEBUG Test|Any CPU
		Debug|Any CPU = Debug|Any CPU
		Release|Any CPU = Release|Any CPU
		ACCSABERRELOADEDNETWORK|Any CPU = ACCSABERRELOADEDNETWORK|Any CPU
	EndGlobalSection
	GlobalSection(ProjectConfigurationPlatforms) = postSolution
		{7D72F6BF-5835-49C8-ADD7-8F2F587B9588}.Debug ACCSABERNETWORK|Any CPU.ActiveCfg = Debug ACCSABERNETWORK|Any CPU
		{7D72F6BF-5835-49C8-ADD7-8F2F587B9588}.Debug ALLNETWORK|Any CPU.ActiveCfg = Debug ALLNETWORK|Any CPU
		{7D72F6BF-5835-49C8-ADD7-8F2F587B9588}.Debug ALLNETWORK|Any CPU.Build.0 = Debug ALLNETWORK|Any CPU
		{7D72F6BF-5835-49C8-ADD7-8F2F587B9588}.Debug BEATLEADERNETWORK|Any CPU.ActiveCfg = Debug BEATLEADERNETWORK|Any CPU
		{7D72F6BF-5835-49C8-ADD7-8F2F587B9588}.Debug HITBLOQNETWORK|Any CPU.ActiveCfg = Debug HITBLOQNETWORK|Any CPU
		{7D72F6BF-5835-49C8-ADD7-8F2F587B9588}.Debug SCORESABERNETWORK|Any CPU.ActiveCfg = Debug SCORESABERNETWORK|Any CPU
		{7D72F6BF-5835-49C8-ADD7-8F2F587B9588}.DEBUG Test|Any CPU.ActiveCfg = DEBUG Test|Any CPU
		{7D72F6BF-5835-49C8-ADD7-8F2F587B9588}.DEBUG Test|Any CPU.Build.0 = DEBUG Test|Any CPU
		{7D72F6BF-5835-49C8-ADD7-8F2F587B9588}.Debug|Any CPU.ActiveCfg = Debug|Any CPU
		{7D72F6BF-5835-49C8-ADD7-8F2F587B9588}.Debug|Any CPU.Build.0 = Debug|Any CPU
		{7D72F6BF-5835-49C8-ADD7-8F2F587B9588}.Release|Any CPU.ActiveCfg = Release|Any CPU
		{7D72F6BF-5835-49C8-ADD7-8F2F587B9588}.Release|Any CPU.Build.0 = Release|Any CPU
		{7D72F6BF-5835-49C8-ADD7-8F2F587B9588}.ACCSABERRELOADEDNETWORK|Any CPU.ActiveCfg = ACCSABERRELOADEDNETWORK|Any CPU
		{7D72F6BF-5835-49C8-ADD7-8F2F587B9588}.ACCSABERRELOADEDNETWORK|Any CPU.Build.0 = ACCSABERRELOADEDNETWORK|Any CPU
		{7D72F6BF-5835-49C8-ADD7-8F2F587B9588}.Debug SCORESABERNETWORK|Any CPU.Build.0 = Debug SCORESABERNETWORK|Any CPU
		{1DE57DE9-D7BE-4B03-B70E-E3EACC8EDB94}.Debug ACCSABERNETWORK|Any CPU.ActiveCfg = Debug|Any CPU
		{1DE57DE9-D7BE-4B03-B70E-E3EACC8EDB94}.Debug ACCSABERNETWORK|Any CPU.Build.0 = Debug|Any CPU
		{1DE57DE9-D7BE-4B03-B70E-E3EACC8EDB94}.Debug ALLNETWORK|Any CPU.ActiveCfg = Debug|Any CPU
		{1DE57DE9-D7BE-4B03-B70E-E3EACC8EDB94}.Debug ALLNETWORK|Any CPU.Build.0 = Debug|Any CPU
		{1DE57DE9-D7BE-4B03-B70E-E3EACC8EDB94}.Debug BEATLEADERNETWORK|Any CPU.ActiveCfg = Debug|Any CPU
		{1DE57DE9-D7BE-4B03-B70E-E3EACC8EDB94}.Debug BEATLEADERNETWORK|Any CPU.Build.0 = Debug|Any CPU
		{1DE57DE9-D7BE-4B03-B70E-E3EACC8EDB94}.Debug HITBLOQNETWORK|Any CPU.ActiveCfg = Debug|Any CPU
		{1DE57DE9-D7BE-4B03-B70E-E3EACC8EDB94}.Debug HITBLOQNETWORK|Any CPU.Build.0 = Debug|Any CPU
		{1DE57DE9-D7BE-4B03-B70E-E3EACC8EDB94}.Debug SCORESABERNETWORK|Any CPU.ActiveCfg = Debug|Any CPU
		{1DE57DE9-D7BE-4B03-B70E-E3EACC8EDB94}.Debug SCORESABERNETWORK|Any CPU.Build.0 = Debug|Any CPU
		{1DE57DE9-D7BE-4B03-B70E-E3EACC8EDB94}.DEBUG Test|Any CPU.ActiveCfg = Debug|Any CPU
		{1DE57DE9-D7BE-4B03-B70E-E3EACC8EDB94}.DEBUG Test|Any CPU.Build.0 = Debug|Any CPU
		{1DE57DE9-D7BE-4B03-B70E-E3EACC8EDB94}.Debug|Any CPU.ActiveCfg = Debug|Any CPU
		{1DE57DE9-D7BE-4B03-B70E-E3EACC8EDB94}.Debug|Any CPU.Build.0 = Debug|Any CPU
		{1DE57DE9-D7BE-4B03-B70E-E3EACC8EDB94}.Release|Any CPU.ActiveCfg = Release|Any CPU
		{1DE57DE9-D7BE-4B03-B70E-E3EACC8EDB94}.Release|Any CPU.Build.0 = Release|Any CPU
		{1DE57DE9-D7BE-4B03-B70E-E3EACC8EDB94}.ACCSABERRELOADEDNETWORK|Any CPU.ActiveCfg = Debug|Any CPU
		{1DE57DE9-D7BE-4B03-B70E-E3EACC8EDB94}.ACCSABERRELOADEDNETWORK|Any CPU.Build.0 = Debug|Any CPU
		{5E7E376A-1141-40A1-A93D-697E66AAA6FF}.Debug ACCSABERNETWORK|Any CPU.ActiveCfg = Debug|Any CPU
		{5E7E376A-1141-40A1-A93D-697E66AAA6FF}.Debug ACCSABERNETWORK|Any CPU.Build.0 = Debug|Any CPU
		{5E7E376A-1141-40A1-A93D-697E66AAA6FF}.Debug ALLNETWORK|Any CPU.ActiveCfg = Debug|Any CPU
		{5E7E376A-1141-40A1-A93D-697E66AAA6FF}.Debug ALLNETWORK|Any CPU.Build.0 = Debug|Any CPU
		{5E7E376A-1141-40A1-A93D-697E66AAA6FF}.Debug BEATLEADERNETWORK|Any CPU.ActiveCfg = Debug|Any CPU
		{5E7E376A-1141-40A1-A93D-697E66AAA6FF}.Debug BEATLEADERNETWORK|Any CPU.Build.0 = Debug|Any CPU
		{5E7E376A-1141-40A1-A93D-697E66AAA6FF}.Debug HITBLOQNETWORK|Any CPU.ActiveCfg = Debug|Any CPU
		{5E7E376A-1141-40A1-A93D-697E66AAA6FF}.Debug HITBLOQNETWORK|Any CPU.Build.0 = Debug|Any CPU
		{5E7E376A-1141-40A1-A93D-697E66AAA6FF}.Debug SCORESABERNETWORK|Any CPU.ActiveCfg = Debug|Any CPU
		{5E7E376A-1141-40A1-A93D-697E66AAA6FF}.Debug SCORESABERNETWORK|Any CPU.Build.0 = Debug|Any CPU
		{5E7E376A-1141-40A1-A93D-697E66AAA6FF}.DEBUG Test|Any CPU.ActiveCfg = Debug|Any CPU
		{5E7E376A-1141-40A1-A93D-697E66AAA6FF}.DEBUG Test|Any CPU.Build.0 = Debug|Any CPU
		{5E7E376A-1141-40A1-A93D-697E66AAA6FF}.Debug|Any CPU.ActiveCfg = Debug|Any CPU
		{5E7E376A-1141-40A1-A93D-697E66AAA6FF}.Debug|Any CPU.Build.0 = Debug|Any CPU
		{5E7E376A-1141-40A1-A93D-697E66AAA6FF}.Release|Any CPU.ActiveCfg = Release|Any CPU
		{5E7E376A-1141-40A1-A93D-697E66AAA6FF}.Release|Any CPU.Build.0 = Release|Any CPU
		{5E7E376A-1141-40A1-A93D-697E66AAA6FF}.ACCSABERRELOADEDNETWORK|Any CPU.ActiveCfg = Debug|Any CPU
		{5E7E376A-1141-40A1-A93D-697E66AAA6FF}.ACCSABERRELOADEDNETWORK|Any CPU.Build.0 = Debug|Any CPU
	EndGlobalSection
	GlobalSection(SolutionProperties) = preSolution
		HideSolutionNode = FALSE
	EndGlobalSection
	GlobalSection(ExtensibilityGlobals) = postSolution
		SolutionGuid = {222333A5-DD41-4ED5-8005-FECEBC7DA237}
	EndGlobalSection
EndGlobal
