
Microsoft Visual Studio Solution File, Format Version 12.00
# Visual Studio Version 17
VisualStudioVersion = 17.4.33213.308
MinimumVisualStudioVersion = 10.0.40219.1
Project("{FAE04EC0-301F-11D3-BF4B-00C04F79EFBC}") = "PPPredictor", "PPPredictor\PPPredictor.csproj", "{7D72F6BF-5835-49C8-ADD7-8F2F587B9588}"
EndProject
Project("{9A19103F-16F7-4668-BE54-9A1E7A4F7556}") = "Starter", "Starter\Starter.csproj", "{FA9C8BD1-3460-42AF-B129-1FD95E25A5B0}"
EndProject
Project("{9A19103F-16F7-4668-BE54-9A1E7A4F7556}") = "UnitTests", "UnitTests\UnitTests.csproj", "{8B7FB8F5-39D5-41E8-9583-1B8B7620D389}"
EndProject
Global
	GlobalSection(SolutionConfigurationPlatforms) = preSolution
		Debug ACCSABERNETWORK|Any CPU = Debug ACCSABERNETWORK|Any CPU
		Debug ALLNETWORK|Any CPU = Debug ALLNETWORK|Any CPU
		Debug BEATLEADERNETWORK|Any CPU = Debug BEATLEADERNETWORK|Any CPU
		Debug HITBLOQNETWORK|Any CPU = Debug HITBLOQNETWORK|Any CPU
		Debug SCORESABERNETWORK|Any CPU = Debug SCORESABERNETWORK|Any CPU
		Debug|Any CPU = Debug|Any CPU
		Release|Any CPU = Release|Any CPU
	EndGlobalSection
	GlobalSection(ProjectConfigurationPlatforms) = postSolution
		{7D72F6BF-5835-49C8-ADD7-8F2F587B9588}.Debug ACCSABERNETWORK|Any CPU.ActiveCfg = Debug ACCSABERNETWORK|Any CPU
		{7D72F6BF-5835-49C8-ADD7-8F2F587B9588}.Debug ACCSABERNETWORK|Any CPU.Build.0 = Debug ACCSABERNETWORK|Any CPU
		{7D72F6BF-5835-49C8-ADD7-8F2F587B9588}.Debug ALLNETWORK|Any CPU.ActiveCfg = Debug ALLNETWORK|Any CPU
		{7D72F6BF-5835-49C8-ADD7-8F2F587B9588}.Debug ALLNETWORK|Any CPU.Build.0 = Debug ALLNETWORK|Any CPU
		{7D72F6BF-5835-49C8-ADD7-8F2F587B9588}.Debug BEATLEADERNETWORK|Any CPU.ActiveCfg = Debug BEATLEADERNETWORK|Any CPU
		{7D72F6BF-5835-49C8-ADD7-8F2F587B9588}.Debug BEATLEADERNETWORK|Any CPU.Build.0 = Debug BEATLEADERNETWORK|Any CPU
		{7D72F6BF-5835-49C8-ADD7-8F2F587B9588}.Debug HITBLOQNETWORK|Any CPU.ActiveCfg = Debug HITBLOQNETWORK|Any CPU
		{7D72F6BF-5835-49C8-ADD7-8F2F587B9588}.Debug HITBLOQNETWORK|Any CPU.Build.0 = Debug HITBLOQNETWORK|Any CPU
		{7D72F6BF-5835-49C8-ADD7-8F2F587B9588}.Debug SCORESABERNETWORK|Any CPU.ActiveCfg = Debug SCORESABERNETWORK|Any CPU
		{7D72F6BF-5835-49C8-ADD7-8F2F587B9588}.Debug SCORESABERNETWORK|Any CPU.Build.0 = Debug SCORESABERNETWORK|Any CPU
		{7D72F6BF-5835-49C8-ADD7-8F2F587B9588}.Debug|Any CPU.ActiveCfg = Debug|Any CPU
		{7D72F6BF-5835-49C8-ADD7-8F2F587B9588}.Debug|Any CPU.Build.0 = Debug|Any CPU
		{7D72F6BF-5835-49C8-ADD7-8F2F587B9588}.Release|Any CPU.ActiveCfg = Release|Any CPU
		{7D72F6BF-5835-49C8-ADD7-8F2F587B9588}.Release|Any CPU.Build.0 = Release|Any CPU
		{FA9C8BD1-3460-42AF-B129-1FD95E25A5B0}.Debug ACCSABERNETWORK|Any CPU.ActiveCfg = Debug ACCSABERNETWORK|Any CPU
		{FA9C8BD1-3460-42AF-B129-1FD95E25A5B0}.Debug ACCSABERNETWORK|Any CPU.Build.0 = Debug ACCSABERNETWORK|Any CPU
		{FA9C8BD1-3460-42AF-B129-1FD95E25A5B0}.Debug ALLNETWORK|Any CPU.ActiveCfg = Debug|Any CPU
		{FA9C8BD1-3460-42AF-B129-1FD95E25A5B0}.Debug ALLNETWORK|Any CPU.Build.0 = Debug|Any CPU
		{FA9C8BD1-3460-42AF-B129-1FD95E25A5B0}.Debug BEATLEADERNETWORK|Any CPU.ActiveCfg = Debug|Any CPU
		{FA9C8BD1-3460-42AF-B129-1FD95E25A5B0}.Debug BEATLEADERNETWORK|Any CPU.Build.0 = Debug|Any CPU
		{FA9C8BD1-3460-42AF-B129-1FD95E25A5B0}.Debug HITBLOQNETWORK|Any CPU.ActiveCfg = Debug|Any CPU
		{FA9C8BD1-3460-42AF-B129-1FD95E25A5B0}.Debug HITBLOQNETWORK|Any CPU.Build.0 = Debug|Any CPU
		{FA9C8BD1-3460-42AF-B129-1FD95E25A5B0}.Debug SCORESABERNETWORK|Any CPU.ActiveCfg = Debug|Any CPU
		{FA9C8BD1-3460-42AF-B129-1FD95E25A5B0}.Debug SCORESABERNETWORK|Any CPU.Build.0 = Debug|Any CPU
		{FA9C8BD1-3460-42AF-B129-1FD95E25A5B0}.Debug|Any CPU.ActiveCfg = Debug|Any CPU
		{FA9C8BD1-3460-42AF-B129-1FD95E25A5B0}.Debug|Any CPU.Build.0 = Debug|Any CPU
		{FA9C8BD1-3460-42AF-B129-1FD95E25A5B0}.Release|Any CPU.ActiveCfg = Release|Any CPU
		{FA9C8BD1-3460-42AF-B129-1FD95E25A5B0}.Release|Any CPU.Build.0 = Release|Any CPU
		{8B7FB8F5-39D5-41E8-9583-1B8B7620D389}.Debug ACCSABERNETWORK|Any CPU.ActiveCfg = Debug ACCSABERNETWORK|Any CPU
		{8B7FB8F5-39D5-41E8-9583-1B8B7620D389}.Debug ACCSABERNETWORK|Any CPU.Build.0 = Debug ACCSABERNETWORK|Any CPU
		{8B7FB8F5-39D5-41E8-9583-1B8B7620D389}.Debug ALLNETWORK|Any CPU.ActiveCfg = Debug|Any CPU
		{8B7FB8F5-39D5-41E8-9583-1B8B7620D389}.Debug ALLNETWORK|Any CPU.Build.0 = Debug|Any CPU
		{8B7FB8F5-39D5-41E8-9583-1B8B7620D389}.Debug BEATLEADERNETWORK|Any CPU.ActiveCfg = Debug|Any CPU
		{8B7FB8F5-39D5-41E8-9583-1B8B7620D389}.Debug BEATLEADERNETWORK|Any CPU.Build.0 = Debug|Any CPU
		{8B7FB8F5-39D5-41E8-9583-1B8B7620D389}.Debug HITBLOQNETWORK|Any CPU.ActiveCfg = Debug|Any CPU
		{8B7FB8F5-39D5-41E8-9583-1B8B7620D389}.Debug HITBLOQNETWORK|Any CPU.Build.0 = Debug|Any CPU
		{8B7FB8F5-39D5-41E8-9583-1B8B7620D389}.Debug SCORESABERNETWORK|Any CPU.ActiveCfg = Debug|Any CPU
		{8B7FB8F5-39D5-41E8-9583-1B8B7620D389}.Debug SCORESABERNETWORK|Any CPU.Build.0 = Debug|Any CPU
		{8B7FB8F5-39D5-41E8-9583-1B8B7620D389}.Debug|Any CPU.ActiveCfg = Debug|Any CPU
		{8B7FB8F5-39D5-41E8-9583-1B8B7620D389}.Debug|Any CPU.Build.0 = Debug|Any CPU
		{8B7FB8F5-39D5-41E8-9583-1B8B7620D389}.Release|Any CPU.ActiveCfg = Release|Any CPU
		{8B7FB8F5-39D5-41E8-9583-1B8B7620D389}.Release|Any CPU.Build.0 = Release|Any CPU
	EndGlobalSection
	GlobalSection(SolutionProperties) = preSolution
		HideSolutionNode = FALSE
	EndGlobalSection
	GlobalSection(ExtensibilityGlobals) = postSolution
		SolutionGuid = {222333A5-DD41-4ED5-8005-FECEBC7DA237}
	EndGlobalSection
EndGlobal
